// !$*UTF8*$!
{
	archiveVersion = 1;
	classes = {
	};
	objectVersion = 56;
	objects = {

/* Begin PBXBuildFile section */
		8C1D55302A9ED70100D69DBE /* Modularisation_MainApp.swift in Sources */ = {isa = PBXBuildFile; fileRef = 8C1D552F2A9ED70100D69DBE /* Modularisation_MainApp.swift */; };
		8C1D55342A9ED70400D69DBE /* Assets.xcassets in Resources */ = {isa = PBXBuildFile; fileRef = 8C1D55332A9ED70400D69DBE /* Assets.xcassets */; };
		8C1D55372A9ED70400D69DBE /* Preview Assets.xcassets in Resources */ = {isa = PBXBuildFile; fileRef = 8C1D55362A9ED70400D69DBE /* Preview Assets.xcassets */; };
		8C1D55412A9ED70400D69DBE /* Modularisation_MainTests.swift in Sources */ = {isa = PBXBuildFile; fileRef = 8C1D55402A9ED70400D69DBE /* Modularisation_MainTests.swift */; };
		8C1D554B2A9ED70400D69DBE /* Modularisation_MainUITests.swift in Sources */ = {isa = PBXBuildFile; fileRef = 8C1D554A2A9ED70400D69DBE /* Modularisation_MainUITests.swift */; };
		8C1D554D2A9ED70400D69DBE /* Modularisation_MainUITestsLaunchTests.swift in Sources */ = {isa = PBXBuildFile; fileRef = 8C1D554C2A9ED70400D69DBE /* Modularisation_MainUITestsLaunchTests.swift */; };
		8C1D555B2A9ED83C00D69DBE /* Dependencie in Frameworks */ = {isa = PBXBuildFile; productRef = 8C1D555A2A9ED83C00D69DBE /* Dependencie */; };
		8C1D55602AA25C7C00D69DBE /* CustomerViewModel.swift in Sources */ = {isa = PBXBuildFile; fileRef = 8C1D555F2AA25C7C00D69DBE /* CustomerViewModel.swift */; };
		8C1D55632AA25CA400D69DBE /* ServiceFactory.swift in Sources */ = {isa = PBXBuildFile; fileRef = 8C1D55612AA25CA400D69DBE /* ServiceFactory.swift */; };
		8C1D55642AA25CA400D69DBE /* ServerRequest.swift in Sources */ = {isa = PBXBuildFile; fileRef = 8C1D55622AA25CA400D69DBE /* ServerRequest.swift */; };
		8C1D55682AA25CF300D69DBE /* MainView.swift in Sources */ = {isa = PBXBuildFile; fileRef = 8C1D55662AA25CF200D69DBE /* MainView.swift */; };
		8C1D55692AA25CF300D69DBE /* CustomerView.swift in Sources */ = {isa = PBXBuildFile; fileRef = 8C1D55672AA25CF200D69DBE /* CustomerView.swift */; };
		8C1D556B2AA25D1400D69DBE /* Customer.swift in Sources */ = {isa = PBXBuildFile; fileRef = 8C1D556A2AA25D1400D69DBE /* Customer.swift */; };
		8C1D556E2AA25D8C00D69DBE /* URL+Extensions.swift in Sources */ = {isa = PBXBuildFile; fileRef = 8C1D556D2AA25D8C00D69DBE /* URL+Extensions.swift */; };
		8C1D55702AA2672300D69DBE /* ReloadButton.swift in Sources */ = {isa = PBXBuildFile; fileRef = 8C1D556F2AA2672300D69DBE /* ReloadButton.swift */; };
/* End PBXBuildFile section */

/* Begin PBXContainerItemProxy section */
		8C1D553D2A9ED70400D69DBE /* PBXContainerItemProxy */ = {
			isa = PBXContainerItemProxy;
			containerPortal = 8C1D55242A9ED70100D69DBE /* Project object */;
			proxyType = 1;
			remoteGlobalIDString = 8C1D552B2A9ED70100D69DBE;
			remoteInfo = Modularisation_Main;
		};
		8C1D55472A9ED70400D69DBE /* PBXContainerItemProxy */ = {
			isa = PBXContainerItemProxy;
			containerPortal = 8C1D55242A9ED70100D69DBE /* Project object */;
			proxyType = 1;
			remoteGlobalIDString = 8C1D552B2A9ED70100D69DBE;
			remoteInfo = Modularisation_Main;
		};
/* End PBXContainerItemProxy section */

/* Begin PBXFileReference section */
		8C1D552C2A9ED70100D69DBE /* Modularisation_Main.app */ = {isa = PBXFileReference; explicitFileType = wrapper.application; includeInIndex = 0; path = Modularisation_Main.app; sourceTree = BUILT_PRODUCTS_DIR; };
		8C1D552F2A9ED70100D69DBE /* Modularisation_MainApp.swift */ = {isa = PBXFileReference; lastKnownFileType = sourcecode.swift; path = Modularisation_MainApp.swift; sourceTree = "<group>"; };
		8C1D55332A9ED70400D69DBE /* Assets.xcassets */ = {isa = PBXFileReference; lastKnownFileType = folder.assetcatalog; path = Assets.xcassets; sourceTree = "<group>"; };
		8C1D55362A9ED70400D69DBE /* Preview Assets.xcassets */ = {isa = PBXFileReference; lastKnownFileType = folder.assetcatalog; path = "Preview Assets.xcassets"; sourceTree = "<group>"; };
		8C1D553C2A9ED70400D69DBE /* Modularisation_MainTests.xctest */ = {isa = PBXFileReference; explicitFileType = wrapper.cfbundle; includeInIndex = 0; path = Modularisation_MainTests.xctest; sourceTree = BUILT_PRODUCTS_DIR; };
		8C1D55402A9ED70400D69DBE /* Modularisation_MainTests.swift */ = {isa = PBXFileReference; lastKnownFileType = sourcecode.swift; path = Modularisation_MainTests.swift; sourceTree = "<group>"; };
		8C1D55462A9ED70400D69DBE /* Modularisation_MainUITests.xctest */ = {isa = PBXFileReference; explicitFileType = wrapper.cfbundle; includeInIndex = 0; path = Modularisation_MainUITests.xctest; sourceTree = BUILT_PRODUCTS_DIR; };
		8C1D554A2A9ED70400D69DBE /* Modularisation_MainUITests.swift */ = {isa = PBXFileReference; lastKnownFileType = sourcecode.swift; path = Modularisation_MainUITests.swift; sourceTree = "<group>"; };
		8C1D554C2A9ED70400D69DBE /* Modularisation_MainUITestsLaunchTests.swift */ = {isa = PBXFileReference; lastKnownFileType = sourcecode.swift; path = Modularisation_MainUITestsLaunchTests.swift; sourceTree = "<group>"; };
		8C1D555F2AA25C7C00D69DBE /* CustomerViewModel.swift */ = {isa = PBXFileReference; fileEncoding = 4; lastKnownFileType = sourcecode.swift; path = CustomerViewModel.swift; sourceTree = "<group>"; };
		8C1D55612AA25CA400D69DBE /* ServiceFactory.swift */ = {isa = PBXFileReference; fileEncoding = 4; lastKnownFileType = sourcecode.swift; path = ServiceFactory.swift; sourceTree = "<group>"; };
		8C1D55622AA25CA400D69DBE /* ServerRequest.swift */ = {isa = PBXFileReference; fileEncoding = 4; lastKnownFileType = sourcecode.swift; path = ServerRequest.swift; sourceTree = "<group>"; };
		8C1D55662AA25CF200D69DBE /* MainView.swift */ = {isa = PBXFileReference; fileEncoding = 4; lastKnownFileType = sourcecode.swift; path = MainView.swift; sourceTree = "<group>"; };
		8C1D55672AA25CF200D69DBE /* CustomerView.swift */ = {isa = PBXFileReference; fileEncoding = 4; lastKnownFileType = sourcecode.swift; path = CustomerView.swift; sourceTree = "<group>"; };
		8C1D556A2AA25D1400D69DBE /* Customer.swift */ = {isa = PBXFileReference; fileEncoding = 4; lastKnownFileType = sourcecode.swift; path = Customer.swift; sourceTree = "<group>"; };
		8C1D556D2AA25D8C00D69DBE /* URL+Extensions.swift */ = {isa = PBXFileReference; fileEncoding = 4; lastKnownFileType = sourcecode.swift; path = "URL+Extensions.swift"; sourceTree = "<group>"; };
		8C1D556F2AA2672300D69DBE /* ReloadButton.swift */ = {isa = PBXFileReference; lastKnownFileType = sourcecode.swift; path = ReloadButton.swift; sourceTree = "<group>"; };
/* End PBXFileReference section */

/* Begin PBXFrameworksBuildPhase section */
		8C1D55292A9ED70100D69DBE /* Frameworks */ = {
			isa = PBXFrameworksBuildPhase;
			buildActionMask = 2147483647;
			files = (
				8C1D555B2A9ED83C00D69DBE /* Dependencie in Frameworks */,
			);
			runOnlyForDeploymentPostprocessing = 0;
		};
		8C1D55392A9ED70400D69DBE /* Frameworks */ = {
			isa = PBXFrameworksBuildPhase;
			buildActionMask = 2147483647;
			files = (
			);
			runOnlyForDeploymentPostprocessing = 0;
		};
		8C1D55432A9ED70400D69DBE /* Frameworks */ = {
			isa = PBXFrameworksBuildPhase;
			buildActionMask = 2147483647;
			files = (
			);
			runOnlyForDeploymentPostprocessing = 0;
		};
/* End PBXFrameworksBuildPhase section */

/* Begin PBXGroup section */
		8C1D55232A9ED70100D69DBE = {
			isa = PBXGroup;
			children = (
				8C1D552E2A9ED70100D69DBE /* Modularisation_Main */,
				8C1D553F2A9ED70400D69DBE /* Modularisation_MainTests */,
				8C1D55492A9ED70400D69DBE /* Modularisation_MainUITests */,
				8C1D552D2A9ED70100D69DBE /* Products */,
			);
			sourceTree = "<group>";
		};
		8C1D552D2A9ED70100D69DBE /* Products */ = {
			isa = PBXGroup;
			children = (
				8C1D552C2A9ED70100D69DBE /* Modularisation_Main.app */,
				8C1D553C2A9ED70400D69DBE /* Modularisation_MainTests.xctest */,
				8C1D55462A9ED70400D69DBE /* Modularisation_MainUITests.xctest */,
			);
			name = Products;
			sourceTree = "<group>";
		};
		8C1D552E2A9ED70100D69DBE /* Modularisation_Main */ = {
			isa = PBXGroup;
			children = (
				8C1D556C2AA25D7E00D69DBE /* Extension */,
				8C1D55652AA25CDA00D69DBE /* View */,
				8C1D555E2AA25BC200D69DBE /* ViewModel */,
				8C1D555D2AA25BB800D69DBE /* Model */,
				8C1D555C2AA25BAD00D69DBE /* Network */,
				8C1D552F2A9ED70100D69DBE /* Modularisation_MainApp.swift */,
				8C1D55332A9ED70400D69DBE /* Assets.xcassets */,
				8C1D55352A9ED70400D69DBE /* Preview Content */,
			);
			path = Modularisation_Main;
			sourceTree = "<group>";
		};
		8C1D55352A9ED70400D69DBE /* Preview Content */ = {
			isa = PBXGroup;
			children = (
				8C1D55362A9ED70400D69DBE /* Preview Assets.xcassets */,
			);
			path = "Preview Content";
			sourceTree = "<group>";
		};
		8C1D553F2A9ED70400D69DBE /* Modularisation_MainTests */ = {
			isa = PBXGroup;
			children = (
				8C1D55402A9ED70400D69DBE /* Modularisation_MainTests.swift */,
			);
			path = Modularisation_MainTests;
			sourceTree = "<group>";
		};
		8C1D55492A9ED70400D69DBE /* Modularisation_MainUITests */ = {
			isa = PBXGroup;
			children = (
				8C1D554A2A9ED70400D69DBE /* Modularisation_MainUITests.swift */,
				8C1D554C2A9ED70400D69DBE /* Modularisation_MainUITestsLaunchTests.swift */,
			);
			path = Modularisation_MainUITests;
			sourceTree = "<group>";
		};
		8C1D555C2AA25BAD00D69DBE /* Network */ = {
			isa = PBXGroup;
			children = (
				8C1D55622AA25CA400D69DBE /* ServerRequest.swift */,
				8C1D55612AA25CA400D69DBE /* ServiceFactory.swift */,
			);
			path = Network;
			sourceTree = "<group>";
		};
		8C1D555D2AA25BB800D69DBE /* Model */ = {
			isa = PBXGroup;
			children = (
				8C1D556A2AA25D1400D69DBE /* Customer.swift */,
			);
			path = Model;
			sourceTree = "<group>";
		};
		8C1D555E2AA25BC200D69DBE /* ViewModel */ = {
			isa = PBXGroup;
			children = (
				8C1D555F2AA25C7C00D69DBE /* CustomerViewModel.swift */,
			);
			path = ViewModel;
			sourceTree = "<group>";
		};
		8C1D55652AA25CDA00D69DBE /* View */ = {
			isa = PBXGroup;
			children = (
				8C1D55672AA25CF200D69DBE /* CustomerView.swift */,
				8C1D55662AA25CF200D69DBE /* MainView.swift */,
				8C1D556F2AA2672300D69DBE /* ReloadButton.swift */,
			);
			path = View;
			sourceTree = "<group>";
		};
		8C1D556C2AA25D7E00D69DBE /* Extension */ = {
			isa = PBXGroup;
			children = (
				8C1D556D2AA25D8C00D69DBE /* URL+Extensions.swift */,
			);
			path = Extension;
			sourceTree = "<group>";
		};
/* End PBXGroup section */

/* Begin PBXNativeTarget section */
		8C1D552B2A9ED70100D69DBE /* Modularisation_Main */ = {
			isa = PBXNativeTarget;
			buildConfigurationList = 8C1D55502A9ED70400D69DBE /* Build configuration list for PBXNativeTarget "Modularisation_Main" */;
			buildPhases = (
				8C1D55282A9ED70100D69DBE /* Sources */,
				8C1D55292A9ED70100D69DBE /* Frameworks */,
				8C1D552A2A9ED70100D69DBE /* Resources */,
			);
			buildRules = (
			);
			dependencies = (
			);
			name = Modularisation_Main;
			packageProductDependencies = (
				8C1D555A2A9ED83C00D69DBE /* Dependencie */,
			);
			productName = Modularisation_Main;
			productReference = 8C1D552C2A9ED70100D69DBE /* Modularisation_Main.app */;
			productType = "com.apple.product-type.application";
		};
		8C1D553B2A9ED70400D69DBE /* Modularisation_MainTests */ = {
			isa = PBXNativeTarget;
			buildConfigurationList = 8C1D55532A9ED70400D69DBE /* Build configuration list for PBXNativeTarget "Modularisation_MainTests" */;
			buildPhases = (
				8C1D55382A9ED70400D69DBE /* Sources */,
				8C1D55392A9ED70400D69DBE /* Frameworks */,
				8C1D553A2A9ED70400D69DBE /* Resources */,
			);
			buildRules = (
			);
			dependencies = (
				8C1D553E2A9ED70400D69DBE /* PBXTargetDependency */,
			);
			name = Modularisation_MainTests;
			productName = Modularisation_MainTests;
			productReference = 8C1D553C2A9ED70400D69DBE /* Modularisation_MainTests.xctest */;
			productType = "com.apple.product-type.bundle.unit-test";
		};
		8C1D55452A9ED70400D69DBE /* Modularisation_MainUITests */ = {
			isa = PBXNativeTarget;
			buildConfigurationList = 8C1D55562A9ED70400D69DBE /* Build configuration list for PBXNativeTarget "Modularisation_MainUITests" */;
			buildPhases = (
				8C1D55422A9ED70400D69DBE /* Sources */,
				8C1D55432A9ED70400D69DBE /* Frameworks */,
				8C1D55442A9ED70400D69DBE /* Resources */,
			);
			buildRules = (
			);
			dependencies = (
				8C1D55482A9ED70400D69DBE /* PBXTargetDependency */,
			);
			name = Modularisation_MainUITests;
			productName = Modularisation_MainUITests;
			productReference = 8C1D55462A9ED70400D69DBE /* Modularisation_MainUITests.xctest */;
			productType = "com.apple.product-type.bundle.ui-testing";
		};
/* End PBXNativeTarget section */

/* Begin PBXProject section */
		8C1D55242A9ED70100D69DBE /* Project object */ = {
			isa = PBXProject;
			attributes = {
				BuildIndependentTargetsInParallel = 1;
				LastSwiftUpdateCheck = 1420;
				LastUpgradeCheck = 1420;
				TargetAttributes = {
					8C1D552B2A9ED70100D69DBE = {
						CreatedOnToolsVersion = 14.2;
					};
					8C1D553B2A9ED70400D69DBE = {
						CreatedOnToolsVersion = 14.2;
						TestTargetID = 8C1D552B2A9ED70100D69DBE;
					};
					8C1D55452A9ED70400D69DBE = {
						CreatedOnToolsVersion = 14.2;
						TestTargetID = 8C1D552B2A9ED70100D69DBE;
					};
				};
			};
			buildConfigurationList = 8C1D55272A9ED70100D69DBE /* Build configuration list for PBXProject "Modularisation_Main" */;
			compatibilityVersion = "Xcode 14.0";
			developmentRegion = en;
			hasScannedForEncodings = 0;
			knownRegions = (
				en,
				Base,
			);
			mainGroup = 8C1D55232A9ED70100D69DBE;
			packageReferences = (
				8C1D55592A9ED83C00D69DBE /* XCRemoteSwiftPackageReference "swiftmodulardependencie" */,
			);
			productRefGroup = 8C1D552D2A9ED70100D69DBE /* Products */;
			projectDirPath = "";
			projectRoot = "";
			targets = (
				8C1D552B2A9ED70100D69DBE /* Modularisation_Main */,
				8C1D553B2A9ED70400D69DBE /* Modularisation_MainTests */,
				8C1D55452A9ED70400D69DBE /* Modularisation_MainUITests */,
			);
		};
/* End PBXProject section */

/* Begin PBXResourcesBuildPhase section */
		8C1D552A2A9ED70100D69DBE /* Resources */ = {
			isa = PBXResourcesBuildPhase;
			buildActionMask = 2147483647;
			files = (
				8C1D55372A9ED70400D69DBE /* Preview Assets.xcassets in Resources */,
				8C1D55342A9ED70400D69DBE /* Assets.xcassets in Resources */,
			);
			runOnlyForDeploymentPostprocessing = 0;
		};
		8C1D553A2A9ED70400D69DBE /* Resources */ = {
			isa = PBXResourcesBuildPhase;
			buildActionMask = 2147483647;
			files = (
			);
			runOnlyForDeploymentPostprocessing = 0;
		};
		8C1D55442A9ED70400D69DBE /* Resources */ = {
			isa = PBXResourcesBuildPhase;
			buildActionMask = 2147483647;
			files = (
			);
			runOnlyForDeploymentPostprocessing = 0;
		};
/* End PBXResourcesBuildPhase section */

/* Begin PBXSourcesBuildPhase section */
		8C1D55282A9ED70100D69DBE /* Sources */ = {
			isa = PBXSourcesBuildPhase;
			buildActionMask = 2147483647;
			files = (
				8C1D55632AA25CA400D69DBE /* ServiceFactory.swift in Sources */,
				8C1D55682AA25CF300D69DBE /* MainView.swift in Sources */,
				8C1D556B2AA25D1400D69DBE /* Customer.swift in Sources */,
				8C1D55642AA25CA400D69DBE /* ServerRequest.swift in Sources */,
				8C1D55692AA25CF300D69DBE /* CustomerView.swift in Sources */,
				8C1D556E2AA25D8C00D69DBE /* URL+Extensions.swift in Sources */,
				8C1D55702AA2672300D69DBE /* ReloadButton.swift in Sources */,
				8C1D55302A9ED70100D69DBE /* Modularisation_MainApp.swift in Sources */,
				8C1D55602AA25C7C00D69DBE /* CustomerViewModel.swift in Sources */,
			);
			runOnlyForDeploymentPostprocessing = 0;
		};
		8C1D55382A9ED70400D69DBE /* Sources */ = {
			isa = PBXSourcesBuildPhase;
			buildActionMask = 2147483647;
			files = (
				8C1D55412A9ED70400D69DBE /* Modularisation_MainTests.swift in Sources */,
			);
			runOnlyForDeploymentPostprocessing = 0;
		};
		8C1D55422A9ED70400D69DBE /* Sources */ = {
			isa = PBXSourcesBuildPhase;
			buildActionMask = 2147483647;
			files = (
				8C1D554D2A9ED70400D69DBE /* Modularisation_MainUITestsLaunchTests.swift in Sources */,
				8C1D554B2A9ED70400D69DBE /* Modularisation_MainUITests.swift in Sources */,
			);
			runOnlyForDeploymentPostprocessing = 0;
		};
/* End PBXSourcesBuildPhase section */

/* Begin PBXTargetDependency section */
		8C1D553E2A9ED70400D69DBE /* PBXTargetDependency */ = {
			isa = PBXTargetDependency;
			target = 8C1D552B2A9ED70100D69DBE /* Modularisation_Main */;
			targetProxy = 8C1D553D2A9ED70400D69DBE /* PBXContainerItemProxy */;
		};
		8C1D55482A9ED70400D69DBE /* PBXTargetDependency */ = {
			isa = PBXTargetDependency;
			target = 8C1D552B2A9ED70100D69DBE /* Modularisation_Main */;
			targetProxy = 8C1D55472A9ED70400D69DBE /* PBXContainerItemProxy */;
		};
/* End PBXTargetDependency section */

/* Begin XCBuildConfiguration section */
		8C1D554E2A9ED70400D69DBE /* Debug */ = {
			isa = XCBuildConfiguration;
			buildSettings = {
				ALWAYS_SEARCH_USER_PATHS = NO;
				CLANG_ANALYZER_NONNULL = YES;
				CLANG_ANALYZER_NUMBER_OBJECT_CONVERSION = YES_AGGRESSIVE;
				CLANG_CXX_LANGUAGE_STANDARD = "gnu++20";
				CLANG_ENABLE_MODULES = YES;
				CLANG_ENABLE_OBJC_ARC = YES;
				CLANG_ENABLE_OBJC_WEAK = YES;
				CLANG_WARN_BLOCK_CAPTURE_AUTORELEASING = YES;
				CLANG_WARN_BOOL_CONVERSION = YES;
				CLANG_WARN_COMMA = YES;
				CLANG_WARN_CONSTANT_CONVERSION = YES;
				CLANG_WARN_DEPRECATED_OBJC_IMPLEMENTATIONS = YES;
				CLANG_WARN_DIRECT_OBJC_ISA_USAGE = YES_ERROR;
				CLANG_WARN_DOCUMENTATION_COMMENTS = YES;
				CLANG_WARN_EMPTY_BODY = YES;
				CLANG_WARN_ENUM_CONVERSION = YES;
				CLANG_WARN_INFINITE_RECURSION = YES;
				CLANG_WARN_INT_CONVERSION = YES;
				CLANG_WARN_NON_LITERAL_NULL_CONVERSION = YES;
				CLANG_WARN_OBJC_IMPLICIT_RETAIN_SELF = YES;
				CLANG_WARN_OBJC_LITERAL_CONVERSION = YES;
				CLANG_WARN_OBJC_ROOT_CLASS = YES_ERROR;
				CLANG_WARN_QUOTED_INCLUDE_IN_FRAMEWORK_HEADER = YES;
				CLANG_WARN_RANGE_LOOP_ANALYSIS = YES;
				CLANG_WARN_STRICT_PROTOTYPES = YES;
				CLANG_WARN_SUSPICIOUS_MOVE = YES;
				CLANG_WARN_UNGUARDED_AVAILABILITY = YES_AGGRESSIVE;
				CLANG_WARN_UNREACHABLE_CODE = YES;
				CLANG_WARN__DUPLICATE_METHOD_MATCH = YES;
				COPY_PHASE_STRIP = NO;
				DEBUG_INFORMATION_FORMAT = dwarf;
				ENABLE_STRICT_OBJC_MSGSEND = YES;
				ENABLE_TESTABILITY = YES;
				GCC_C_LANGUAGE_STANDARD = gnu11;
				GCC_DYNAMIC_NO_PIC = NO;
				GCC_NO_COMMON_BLOCKS = YES;
				GCC_OPTIMIZATION_LEVEL = 0;
				GCC_PREPROCESSOR_DEFINITIONS = (
					"DEBUG=1",
					"$(inherited)",
				);
				GCC_WARN_64_TO_32_BIT_CONVERSION = YES;
				GCC_WARN_ABOUT_RETURN_TYPE = YES_ERROR;
				GCC_WARN_UNDECLARED_SELECTOR = YES;
				GCC_WARN_UNINITIALIZED_AUTOS = YES_AGGRESSIVE;
				GCC_WARN_UNUSED_FUNCTION = YES;
				GCC_WARN_UNUSED_VARIABLE = YES;
				IPHONEOS_DEPLOYMENT_TARGET = 16.2;
				MTL_ENABLE_DEBUG_INFO = INCLUDE_SOURCE;
				MTL_FAST_MATH = YES;
				ONLY_ACTIVE_ARCH = YES;
				SDKROOT = iphoneos;
				SWIFT_ACTIVE_COMPILATION_CONDITIONS = DEBUG;
				SWIFT_OPTIMIZATION_LEVEL = "-Onone";
			};
			name = Debug;
		};
		8C1D554F2A9ED70400D69DBE /* Release */ = {
			isa = XCBuildConfiguration;
			buildSettings = {
				ALWAYS_SEARCH_USER_PATHS = NO;
				CLANG_ANALYZER_NONNULL = YES;
				CLANG_ANALYZER_NUMBER_OBJECT_CONVERSION = YES_AGGRESSIVE;
				CLANG_CXX_LANGUAGE_STANDARD = "gnu++20";
				CLANG_ENABLE_MODULES = YES;
				CLANG_ENABLE_OBJC_ARC = YES;
				CLANG_ENABLE_OBJC_WEAK = YES;
				CLANG_WARN_BLOCK_CAPTURE_AUTORELEASING = YES;
				CLANG_WARN_BOOL_CONVERSION = YES;
				CLANG_WARN_COMMA = YES;
				CLANG_WARN_CONSTANT_CONVERSION = YES;
				CLANG_WARN_DEPRECATED_OBJC_IMPLEMENTATIONS = YES;
				CLANG_WARN_DIRECT_OBJC_ISA_USAGE = YES_ERROR;
				CLANG_WARN_DOCUMENTATION_COMMENTS = YES;
				CLANG_WARN_EMPTY_BODY = YES;
				CLANG_WARN_ENUM_CONVERSION = YES;
				CLANG_WARN_INFINITE_RECURSION = YES;
				CLANG_WARN_INT_CONVERSION = YES;
				CLANG_WARN_NON_LITERAL_NULL_CONVERSION = YES;
				CLANG_WARN_OBJC_IMPLICIT_RETAIN_SELF = YES;
				CLANG_WARN_OBJC_LITERAL_CONVERSION = YES;
				CLANG_WARN_OBJC_ROOT_CLASS = YES_ERROR;
				CLANG_WARN_QUOTED_INCLUDE_IN_FRAMEWORK_HEADER = YES;
				CLANG_WARN_RANGE_LOOP_ANALYSIS = YES;
				CLANG_WARN_STRICT_PROTOTYPES = YES;
				CLANG_WARN_SUSPICIOUS_MOVE = YES;
				CLANG_WARN_UNGUARDED_AVAILABILITY = YES_AGGRESSIVE;
				CLANG_WARN_UNREACHABLE_CODE = YES;
				CLANG_WARN__DUPLICATE_METHOD_MATCH = YES;
				COPY_PHASE_STRIP = NO;
				DEBUG_INFORMATION_FORMAT = "dwarf-with-dsym";
				ENABLE_NS_ASSERTIONS = NO;
				ENABLE_STRICT_OBJC_MSGSEND = YES;
				GCC_C_LANGUAGE_STANDARD = gnu11;
				GCC_NO_COMMON_BLOCKS = YES;
				GCC_WARN_64_TO_32_BIT_CONVERSION = YES;
				GCC_WARN_ABOUT_RETURN_TYPE = YES_ERROR;
				GCC_WARN_UNDECLARED_SELECTOR = YES;
				GCC_WARN_UNINITIALIZED_AUTOS = YES_AGGRESSIVE;
				GCC_WARN_UNUSED_FUNCTION = YES;
				GCC_WARN_UNUSED_VARIABLE = YES;
				IPHONEOS_DEPLOYMENT_TARGET = 16.2;
				MTL_ENABLE_DEBUG_INFO = NO;
				MTL_FAST_MATH = YES;
				SDKROOT = iphoneos;
				SWIFT_COMPILATION_MODE = wholemodule;
				SWIFT_OPTIMIZATION_LEVEL = "-O";
				VALIDATE_PRODUCT = YES;
			};
			name = Release;
		};
		8C1D55512A9ED70400D69DBE /* Debug */ = {
			isa = XCBuildConfiguration;
			buildSettings = {
				ASSETCATALOG_COMPILER_APPICON_NAME = AppIcon;
				ASSETCATALOG_COMPILER_GLOBAL_ACCENT_COLOR_NAME = AccentColor;
				CODE_SIGN_STYLE = Automatic;
				CURRENT_PROJECT_VERSION = 1;
				DEVELOPMENT_ASSET_PATHS = "\"Modularisation_Main/Preview Content\"";
				DEVELOPMENT_TEAM = A435HEWTZ8;
				ENABLE_PREVIEWS = YES;
				GENERATE_INFOPLIST_FILE = YES;
				INFOPLIST_KEY_UIApplicationSceneManifest_Generation = YES;
				INFOPLIST_KEY_UIApplicationSupportsIndirectInputEvents = YES;
				INFOPLIST_KEY_UILaunchScreen_Generation = YES;
				INFOPLIST_KEY_UISupportedInterfaceOrientations_iPad = "UIInterfaceOrientationPortrait UIInterfaceOrientationPortraitUpsideDown UIInterfaceOrientationLandscapeLeft UIInterfaceOrientationLandscapeRight";
				INFOPLIST_KEY_UISupportedInterfaceOrientations_iPhone = "UIInterfaceOrientationPortrait UIInterfaceOrientationLandscapeLeft UIInterfaceOrientationLandscapeRight";
				LD_RUNPATH_SEARCH_PATHS = (
					"$(inherited)",
					"@executable_path/Frameworks",
				);
				MARKETING_VERSION = 1.0;
				PRODUCT_BUNDLE_IDENTIFIER = "br.com.testePaulo.Modularisation-Main";
				PRODUCT_NAME = "$(TARGET_NAME)";
				SWIFT_EMIT_LOC_STRINGS = YES;
				SWIFT_VERSION = 5.0;
				TARGETED_DEVICE_FAMILY = "1,2";
			};
			name = Debug;
		};
		8C1D55522A9ED70400D69DBE /* Release */ = {
			isa = XCBuildConfiguration;
			buildSettings = {
				ASSETCATALOG_COMPILER_APPICON_NAME = AppIcon;
				ASSETCATALOG_COMPILER_GLOBAL_ACCENT_COLOR_NAME = AccentColor;
				CODE_SIGN_STYLE = Automatic;
				CURRENT_PROJECT_VERSION = 1;
				DEVELOPMENT_ASSET_PATHS = "\"Modularisation_Main/Preview Content\"";
				DEVELOPMENT_TEAM = A435HEWTZ8;
				ENABLE_PREVIEWS = YES;
				GENERATE_INFOPLIST_FILE = YES;
				INFOPLIST_KEY_UIApplicationSceneManifest_Generation = YES;
				INFOPLIST_KEY_UIApplicationSupportsIndirectInputEvents = YES;
				INFOPLIST_KEY_UILaunchScreen_Generation = YES;
				INFOPLIST_KEY_UISupportedInterfaceOrientations_iPad = "UIInterfaceOrientationPortrait UIInterfaceOrientationPortraitUpsideDown UIInterfaceOrientationLandscapeLeft UIInterfaceOrientationLandscapeRight";
				INFOPLIST_KEY_UISupportedInterfaceOrientations_iPhone = "UIInterfaceOrientationPortrait UIInterfaceOrientationLandscapeLeft UIInterfaceOrientationLandscapeRight";
				LD_RUNPATH_SEARCH_PATHS = (
					"$(inherited)",
					"@executable_path/Frameworks",
				);
				MARKETING_VERSION = 1.0;
				PRODUCT_BUNDLE_IDENTIFIER = "br.com.testePaulo.Modularisation-Main";
				PRODUCT_NAME = "$(TARGET_NAME)";
				SWIFT_EMIT_LOC_STRINGS = YES;
				SWIFT_VERSION = 5.0;
				TARGETED_DEVICE_FAMILY = "1,2";
			};
			name = Release;
		};
		8C1D55542A9ED70400D69DBE /* Debug */ = {
			isa = XCBuildConfiguration;
			buildSettings = {
				ALWAYS_EMBED_SWIFT_STANDARD_LIBRARIES = YES;
				BUNDLE_LOADER = "$(TEST_HOST)";
				CODE_SIGN_STYLE = Automatic;
				CURRENT_PROJECT_VERSION = 1;
				DEVELOPMENT_TEAM = A435HEWTZ8;
				GENERATE_INFOPLIST_FILE = YES;
				IPHONEOS_DEPLOYMENT_TARGET = 16.2;
				MARKETING_VERSION = 1.0;
				PRODUCT_BUNDLE_IDENTIFIER = "br.com.testePaulo.Modularisation-MainTests";
				PRODUCT_NAME = "$(TARGET_NAME)";
				SWIFT_EMIT_LOC_STRINGS = NO;
				SWIFT_VERSION = 5.0;
				TARGETED_DEVICE_FAMILY = "1,2";
				TEST_HOST = "$(BUILT_PRODUCTS_DIR)/Modularisation_Main.app/$(BUNDLE_EXECUTABLE_FOLDER_PATH)/Modularisation_Main";
			};
			name = Debug;
		};
		8C1D55552A9ED70400D69DBE /* Release */ = {
			isa = XCBuildConfiguration;
			buildSettings = {
				ALWAYS_EMBED_SWIFT_STANDARD_LIBRARIES = YES;
				BUNDLE_LOADER = "$(TEST_HOST)";
				CODE_SIGN_STYLE = Automatic;
				CURRENT_PROJECT_VERSION = 1;
				DEVELOPMENT_TEAM = A435HEWTZ8;
				GENERATE_INFOPLIST_FILE = YES;
				IPHONEOS_DEPLOYMENT_TARGET = 16.2;
				MARKETING_VERSION = 1.0;
				PRODUCT_BUNDLE_IDENTIFIER = "br.com.testePaulo.Modularisation-MainTests";
				PRODUCT_NAME = "$(TARGET_NAME)";
				SWIFT_EMIT_LOC_STRINGS = NO;
				SWIFT_VERSION = 5.0;
				TARGETED_DEVICE_FAMILY = "1,2";
				TEST_HOST = "$(BUILT_PRODUCTS_DIR)/Modularisation_Main.app/$(BUNDLE_EXECUTABLE_FOLDER_PATH)/Modularisation_Main";
			};
			name = Release;
		};
		8C1D55572A9ED70400D69DBE /* Debug */ = {
			isa = XCBuildConfiguration;
			buildSettings = {
				ALWAYS_EMBED_SWIFT_STANDARD_LIBRARIES = YES;
				CODE_SIGN_STYLE = Automatic;
				CURRENT_PROJECT_VERSION = 1;
				DEVELOPMENT_TEAM = A435HEWTZ8;
				GENERATE_INFOPLIST_FILE = YES;
				MARKETING_VERSION = 1.0;
				PRODUCT_BUNDLE_IDENTIFIER = "br.com.testePaulo.Modularisation-MainUITests";
				PRODUCT_NAME = "$(TARGET_NAME)";
				SWIFT_EMIT_LOC_STRINGS = NO;
				SWIFT_VERSION = 5.0;
				TARGETED_DEVICE_FAMILY = "1,2";
				TEST_TARGET_NAME = Modularisation_Main;
			};
			name = Debug;
		};
		8C1D55582A9ED70400D69DBE /* Release */ = {
			isa = XCBuildConfiguration;
			buildSettings = {
				ALWAYS_EMBED_SWIFT_STANDARD_LIBRARIES = YES;
				CODE_SIGN_STYLE = Automatic;
				CURRENT_PROJECT_VERSION = 1;
				DEVELOPMENT_TEAM = A435HEWTZ8;
				GENERATE_INFOPLIST_FILE = YES;
				MARKETING_VERSION = 1.0;
				PRODUCT_BUNDLE_IDENTIFIER = "br.com.testePaulo.Modularisation-MainUITests";
				PRODUCT_NAME = "$(TARGET_NAME)";
				SWIFT_EMIT_LOC_STRINGS = NO;
				SWIFT_VERSION = 5.0;
				TARGETED_DEVICE_FAMILY = "1,2";
				TEST_TARGET_NAME = Modularisation_Main;
			};
			name = Release;
		};
/* End XCBuildConfiguration section */

/* Begin XCConfigurationList section */
		8C1D55272A9ED70100D69DBE /* Build configuration list for PBXProject "Modularisation_Main" */ = {
			isa = XCConfigurationList;
			buildConfigurations = (
				8C1D554E2A9ED70400D69DBE /* Debug */,
				8C1D554F2A9ED70400D69DBE /* Release */,
			);
			defaultConfigurationIsVisible = 0;
			defaultConfigurationName = Release;
		};
		8C1D55502A9ED70400D69DBE /* Build configuration list for PBXNativeTarget "Modularisation_Main" */ = {
			isa = XCConfigurationList;
			buildConfigurations = (
				8C1D55512A9ED70400D69DBE /* Debug */,
				8C1D55522A9ED70400D69DBE /* Release */,
			);
			defaultConfigurationIsVisible = 0;
			defaultConfigurationName = Release;
		};
		8C1D55532A9ED70400D69DBE /* Build configuration list for PBXNativeTarget "Modularisation_MainTests" */ = {
			isa = XCConfigurationList;
			buildConfigurations = (
				8C1D55542A9ED70400D69DBE /* Debug */,
				8C1D55552A9ED70400D69DBE /* Release */,
			);
			defaultConfigurationIsVisible = 0;
			defaultConfigurationName = Release;
		};
		8C1D55562A9ED70400D69DBE /* Build configuration list for PBXNativeTarget "Modularisation_MainUITests" */ = {
			isa = XCConfigurationList;
			buildConfigurations = (
				8C1D55572A9ED70400D69DBE /* Debug */,
				8C1D55582A9ED70400D69DBE /* Release */,
			);
			defaultConfigurationIsVisible = 0;
			defaultConfigurationName = Release;
		};
/* End XCConfigurationList section */

/* Begin XCRemoteSwiftPackageReference section */
		8C1D55592A9ED83C00D69DBE /* XCRemoteSwiftPackageReference "swiftmodulardependencie" */ = {
			isa = XCRemoteSwiftPackageReference;
			repositoryURL = "https://github.com/paulohmac/swiftmodulardependencie.git";
			requirement = {
				branch = master;
				kind = branch;
			};
		};
/* End XCRemoteSwiftPackageReference section */

/* Begin XCSwiftPackageProductDependency section */
		8C1D555A2A9ED83C00D69DBE /* Dependencie */ = {
			isa = XCSwiftPackageProductDependency;
			package = 8C1D55592A9ED83C00D69DBE /* XCRemoteSwiftPackageReference "swiftmodulardependencie" */;
			productName = Dependencie;
		};
/* End XCSwiftPackageProductDependency section */
	};
	rootObject = 8C1D55242A9ED70100D69DBE /* Project object */;
}
