{
  "pins" : [
    {
      "identity" : "swiftmodulardependencie",
      "kind" : "remoteSourceControl",
      "location" : "https://github.com/paulohmac/swiftmodulardependencie.git",
      "state" : {
        "branch" : "master",
        "revision" : "af37e0017e96a6a2dd18c4a3c2186a801af38432"
      }
    }
  ],
  "version" : 2
}
