{
  "pins" : [
    {
      "identity" : "swiftmodulardependencie",
      "kind" : "remoteSourceControl",
      "location" : "https://github.com/paulohmac/swiftmodulardependencie.git",
      "state" : {
        "branch" : "master",
        "revision" : "d5f97207d96904d690c4195c96e367dc646d3005"
      }
    }
  ],
  "version" : 2
}
